// !$*UTF8*$!
{
	archiveVersion = 1;
	classes = {
	};
	objectVersion = 48;
	objects = {

/* Begin PBXBuildFile section */
		73584FB11B079CD800B3CA74 /* TransitionTests.swift in Sources */ = {isa = PBXBuildFile; fileRef = 73584FB01B079CD800B3CA74 /* TransitionTests.swift */; };
		73BAF24E1E5CF04800DBE45A /* GauntletNotifitcation.swift in Sources */ = {isa = PBXBuildFile; fileRef = 73BAF24D1E5CF04800DBE45A /* GauntletNotifitcation.swift */; };
		73E3D0101C4C122600DFA67A /* CaptureSelfTests.swift in Sources */ = {isa = PBXBuildFile; fileRef = 73E3D00F1C4C122600DFA67A /* CaptureSelfTests.swift */; };
		73E4FD171AFD4E040058C1AF /* Gauntlet.framework in Frameworks */ = {isa = PBXBuildFile; fileRef = 73E4FD0B1AFD4E040058C1AF /* Gauntlet.framework */; };
		73E4FD281AFD4E1B0058C1AF /* StateMachine.swift in Sources */ = {isa = PBXBuildFile; fileRef = 73E4FD271AFD4E1B0058C1AF /* StateMachine.swift */; };
		73E4FD2C1AFD51C00058C1AF /* StateType.swift in Sources */ = {isa = PBXBuildFile; fileRef = 73E4FD2B1AFD51C00058C1AF /* StateType.swift */; };
		73E4FD3E1AFD68420058C1AF /* ExistentialTests.swift in Sources */ = {isa = PBXBuildFile; fileRef = 73E4FD3D1AFD68420058C1AF /* ExistentialTests.swift */; };
/* End PBXBuildFile section */

/* Begin PBXContainerItemProxy section */
		73E4FD181AFD4E040058C1AF /* PBXContainerItemProxy */ = {
			isa = PBXContainerItemProxy;
			containerPortal = 73E4FD021AFD4E040058C1AF /* Project object */;
			proxyType = 1;
			remoteGlobalIDString = 73E4FD0A1AFD4E040058C1AF;
			remoteInfo = FiniteGauntlet;
		};
/* End PBXContainerItemProxy section */

/* Begin PBXFileReference section */
		73584FB01B079CD800B3CA74 /* TransitionTests.swift */ = {isa = PBXFileReference; fileEncoding = 4; lastKnownFileType = sourcecode.swift; path = TransitionTests.swift; sourceTree = "<group>"; };
		7367BD6F1C4C858500CB17D7 /* Tests-Info.plist */ = {isa = PBXFileReference; fileEncoding = 4; lastKnownFileType = text.plist.xml; path = "Tests-Info.plist"; sourceTree = "<group>"; };
		73BAF2431E5B5A2500DBE45A /* .jazzy.yaml */ = {isa = PBXFileReference; fileEncoding = 4; lastKnownFileType = text; name = .jazzy.yaml; path = ../.jazzy.yaml; sourceTree = "<group>"; };
		73BAF24D1E5CF04800DBE45A /* GauntletNotifitcation.swift */ = {isa = PBXFileReference; fileEncoding = 4; lastKnownFileType = sourcecode.swift; path = GauntletNotifitcation.swift; sourceTree = "<group>"; };
		73BAF2531E5CF5D000DBE45A /* README.md */ = {isa = PBXFileReference; fileEncoding = 4; lastKnownFileType = net.daringfireball.markdown; name = README.md; path = ../README.md; sourceTree = "<group>"; };
		73E3D00F1C4C122600DFA67A /* CaptureSelfTests.swift */ = {isa = PBXFileReference; fileEncoding = 4; lastKnownFileType = sourcecode.swift; path = CaptureSelfTests.swift; sourceTree = "<group>"; };
		73E4FD0B1AFD4E040058C1AF /* Gauntlet.framework */ = {isa = PBXFileReference; explicitFileType = wrapper.framework; includeInIndex = 0; path = Gauntlet.framework; sourceTree = BUILT_PRODUCTS_DIR; };
		73E4FD0F1AFD4E040058C1AF /* Info.plist */ = {isa = PBXFileReference; lastKnownFileType = text.plist.xml; path = Info.plist; sourceTree = "<group>"; };
		73E4FD161AFD4E040058C1AF /* GauntletTests.xctest */ = {isa = PBXFileReference; explicitFileType = wrapper.cfbundle; includeInIndex = 0; path = GauntletTests.xctest; sourceTree = BUILT_PRODUCTS_DIR; };
		73E4FD271AFD4E1B0058C1AF /* StateMachine.swift */ = {isa = PBXFileReference; fileEncoding = 4; lastKnownFileType = sourcecode.swift; path = StateMachine.swift; sourceTree = "<group>"; };
		73E4FD2B1AFD51C00058C1AF /* StateType.swift */ = {isa = PBXFileReference; fileEncoding = 4; lastKnownFileType = sourcecode.swift; path = StateType.swift; sourceTree = "<group>"; };
		73E4FD3D1AFD68420058C1AF /* ExistentialTests.swift */ = {isa = PBXFileReference; fileEncoding = 4; lastKnownFileType = sourcecode.swift; path = ExistentialTests.swift; sourceTree = "<group>"; };
/* End PBXFileReference section */

/* Begin PBXFrameworksBuildPhase section */
		73E4FD071AFD4E040058C1AF /* Frameworks */ = {
			isa = PBXFrameworksBuildPhase;
			buildActionMask = 2147483647;
			files = (
			);
			runOnlyForDeploymentPostprocessing = 0;
		};
		73E4FD131AFD4E040058C1AF /* Frameworks */ = {
			isa = PBXFrameworksBuildPhase;
			buildActionMask = 2147483647;
			files = (
				73E4FD171AFD4E040058C1AF /* Gauntlet.framework in Frameworks */,
			);
			runOnlyForDeploymentPostprocessing = 0;
		};
/* End PBXFrameworksBuildPhase section */

/* Begin PBXGroup section */
		7367BD6E1C4C851900CB17D7 /* Support */ = {
			isa = PBXGroup;
			children = (
				7367BD6F1C4C858500CB17D7 /* Tests-Info.plist */,
				73E4FD0F1AFD4E040058C1AF /* Info.plist */,
			);
			name = Support;
			sourceTree = "<group>";
		};
		73E4FD011AFD4E040058C1AF = {
			isa = PBXGroup;
			children = (
				73BAF2431E5B5A2500DBE45A /* .jazzy.yaml */,
				73BAF2531E5CF5D000DBE45A /* README.md */,
				73E4FD0D1AFD4E040058C1AF /* Sources */,
				73E4FD1A1AFD4E040058C1AF /* Tests */,
				7367BD6E1C4C851900CB17D7 /* Support */,
				73E4FD0C1AFD4E040058C1AF /* Products */,
			);
			sourceTree = "<group>";
		};
		73E4FD0C1AFD4E040058C1AF /* Products */ = {
			isa = PBXGroup;
			children = (
				73E4FD0B1AFD4E040058C1AF /* Gauntlet.framework */,
				73E4FD161AFD4E040058C1AF /* GauntletTests.xctest */,
			);
			name = Products;
			sourceTree = "<group>";
		};
		73E4FD0D1AFD4E040058C1AF /* Sources */ = {
			isa = PBXGroup;
			children = (
				73E4FD271AFD4E1B0058C1AF /* StateMachine.swift */,
				73E4FD2B1AFD51C00058C1AF /* StateType.swift */,
				73BAF24D1E5CF04800DBE45A /* GauntletNotifitcation.swift */,
			);
			name = Sources;
			path = ../Sources;
			sourceTree = "<group>";
		};
		73E4FD1A1AFD4E040058C1AF /* Tests */ = {
			isa = PBXGroup;
			children = (
				73E4FD3D1AFD68420058C1AF /* ExistentialTests.swift */,
				73584FB01B079CD800B3CA74 /* TransitionTests.swift */,
				73E3D00F1C4C122600DFA67A /* CaptureSelfTests.swift */,
			);
			name = Tests;
			path = ../Tests;
			sourceTree = "<group>";
		};
/* End PBXGroup section */

/* Begin PBXHeadersBuildPhase section */
		73E4FD081AFD4E040058C1AF /* Headers */ = {
			isa = PBXHeadersBuildPhase;
			buildActionMask = 2147483647;
			files = (
			);
			runOnlyForDeploymentPostprocessing = 0;
		};
/* End PBXHeadersBuildPhase section */

/* Begin PBXNativeTarget section */
		73E4FD0A1AFD4E040058C1AF /* Gauntlet */ = {
			isa = PBXNativeTarget;
			buildConfigurationList = 73E4FD211AFD4E040058C1AF /* Build configuration list for PBXNativeTarget "Gauntlet" */;
			buildPhases = (
				73E4FD061AFD4E040058C1AF /* Sources */,
				73E4FD071AFD4E040058C1AF /* Frameworks */,
				73E4FD081AFD4E040058C1AF /* Headers */,
				73E4FD091AFD4E040058C1AF /* Resources */,
			);
			buildRules = (
			);
			dependencies = (
			);
			name = Gauntlet;
			productName = FiniteGauntlet;
			productReference = 73E4FD0B1AFD4E040058C1AF /* Gauntlet.framework */;
			productType = "com.apple.product-type.framework";
		};
		73E4FD151AFD4E040058C1AF /* GauntletTests */ = {
			isa = PBXNativeTarget;
			buildConfigurationList = 73E4FD241AFD4E040058C1AF /* Build configuration list for PBXNativeTarget "GauntletTests" */;
			buildPhases = (
				73E4FD121AFD4E040058C1AF /* Sources */,
				73E4FD131AFD4E040058C1AF /* Frameworks */,
				73E4FD141AFD4E040058C1AF /* Resources */,
			);
			buildRules = (
			);
			dependencies = (
				73E4FD191AFD4E040058C1AF /* PBXTargetDependency */,
			);
			name = GauntletTests;
			productName = FiniteGauntletTests;
			productReference = 73E4FD161AFD4E040058C1AF /* GauntletTests.xctest */;
			productType = "com.apple.product-type.bundle.unit-test";
		};
/* End PBXNativeTarget section */

/* Begin PBXProject section */
		73E4FD021AFD4E040058C1AF /* Project object */ = {
			isa = PBXProject;
			attributes = {
				LastSwiftUpdateCheck = 0710;
				LastUpgradeCheck = 1010;
				ORGANIZATIONNAME = MCMXCIX;
				TargetAttributes = {
					73E4FD0A1AFD4E040058C1AF = {
						CreatedOnToolsVersion = 6.3.1;
						LastSwiftMigration = 1100;
					};
					73E4FD151AFD4E040058C1AF = {
						CreatedOnToolsVersion = 6.3.1;
						LastSwiftMigration = 1100;
					};
				};
			};
			buildConfigurationList = 73E4FD051AFD4E040058C1AF /* Build configuration list for PBXProject "Gauntlet" */;
			compatibilityVersion = "Xcode 8.0";
			developmentRegion = en;
			hasScannedForEncodings = 0;
			knownRegions = (
				en,
				Base,
			);
			mainGroup = 73E4FD011AFD4E040058C1AF;
			productRefGroup = 73E4FD0C1AFD4E040058C1AF /* Products */;
			projectDirPath = "";
			projectRoot = "";
			targets = (
				73E4FD0A1AFD4E040058C1AF /* Gauntlet */,
				73E4FD151AFD4E040058C1AF /* GauntletTests */,
			);
		};
/* End PBXProject section */

/* Begin PBXResourcesBuildPhase section */
		73E4FD091AFD4E040058C1AF /* Resources */ = {
			isa = PBXResourcesBuildPhase;
			buildActionMask = 2147483647;
			files = (
			);
			runOnlyForDeploymentPostprocessing = 0;
		};
		73E4FD141AFD4E040058C1AF /* Resources */ = {
			isa = PBXResourcesBuildPhase;
			buildActionMask = 2147483647;
			files = (
			);
			runOnlyForDeploymentPostprocessing = 0;
		};
/* End PBXResourcesBuildPhase section */

/* Begin PBXSourcesBuildPhase section */
		73E4FD061AFD4E040058C1AF /* Sources */ = {
			isa = PBXSourcesBuildPhase;
			buildActionMask = 2147483647;
			files = (
				73E4FD2C1AFD51C00058C1AF /* StateType.swift in Sources */,
				73BAF24E1E5CF04800DBE45A /* GauntletNotifitcation.swift in Sources */,
				73E4FD281AFD4E1B0058C1AF /* StateMachine.swift in Sources */,
			);
			runOnlyForDeploymentPostprocessing = 0;
		};
		73E4FD121AFD4E040058C1AF /* Sources */ = {
			isa = PBXSourcesBuildPhase;
			buildActionMask = 2147483647;
			files = (
				73E3D0101C4C122600DFA67A /* CaptureSelfTests.swift in Sources */,
				73584FB11B079CD800B3CA74 /* TransitionTests.swift in Sources */,
				73E4FD3E1AFD68420058C1AF /* ExistentialTests.swift in Sources */,
			);
			runOnlyForDeploymentPostprocessing = 0;
		};
/* End PBXSourcesBuildPhase section */

/* Begin PBXTargetDependency section */
		73E4FD191AFD4E040058C1AF /* PBXTargetDependency */ = {
			isa = PBXTargetDependency;
			target = 73E4FD0A1AFD4E040058C1AF /* Gauntlet */;
			targetProxy = 73E4FD181AFD4E040058C1AF /* PBXContainerItemProxy */;
		};
/* End PBXTargetDependency section */

/* Begin XCBuildConfiguration section */
		73E4FD1F1AFD4E040058C1AF /* Debug */ = {
			isa = XCBuildConfiguration;
			buildSettings = {
				ALWAYS_SEARCH_USER_PATHS = NO;
				CLANG_CXX_LANGUAGE_STANDARD = "gnu++0x";
				CLANG_CXX_LIBRARY = "libc++";
				CLANG_ENABLE_MODULES = YES;
				CLANG_ENABLE_OBJC_ARC = YES;
				CLANG_WARN_BLOCK_CAPTURE_AUTORELEASING = YES;
				CLANG_WARN_BOOL_CONVERSION = YES;
				CLANG_WARN_COMMA = YES;
				CLANG_WARN_CONSTANT_CONVERSION = YES;
				CLANG_WARN_DEPRECATED_OBJC_IMPLEMENTATIONS = YES;
				CLANG_WARN_DIRECT_OBJC_ISA_USAGE = YES_ERROR;
				CLANG_WARN_EMPTY_BODY = YES;
				CLANG_WARN_ENUM_CONVERSION = YES;
				CLANG_WARN_INFINITE_RECURSION = YES;
				CLANG_WARN_INT_CONVERSION = YES;
				CLANG_WARN_NON_LITERAL_NULL_CONVERSION = YES;
				CLANG_WARN_OBJC_IMPLICIT_RETAIN_SELF = YES;
				CLANG_WARN_OBJC_LITERAL_CONVERSION = YES;
				CLANG_WARN_OBJC_ROOT_CLASS = YES_ERROR;
				CLANG_WARN_RANGE_LOOP_ANALYSIS = YES;
				CLANG_WARN_STRICT_PROTOTYPES = YES;
				CLANG_WARN_SUSPICIOUS_MOVE = YES;
				CLANG_WARN_UNREACHABLE_CODE = YES;
				CLANG_WARN__DUPLICATE_METHOD_MATCH = YES;
				"CODE_SIGN_IDENTITY[sdk=iphoneos*]" = "iPhone Developer";
				COPY_PHASE_STRIP = NO;
				CURRENT_PROJECT_VERSION = 1;
				DEBUG_INFORMATION_FORMAT = "dwarf-with-dsym";
				ENABLE_STRICT_OBJC_MSGSEND = YES;
				ENABLE_TESTABILITY = YES;
				GCC_C_LANGUAGE_STANDARD = gnu99;
				GCC_DYNAMIC_NO_PIC = NO;
				GCC_NO_COMMON_BLOCKS = YES;
				GCC_OPTIMIZATION_LEVEL = 0;
				GCC_PREPROCESSOR_DEFINITIONS = (
					"DEBUG=1",
					"$(inherited)",
				);
				GCC_SYMBOLS_PRIVATE_EXTERN = NO;
				GCC_WARN_64_TO_32_BIT_CONVERSION = YES;
				GCC_WARN_ABOUT_RETURN_TYPE = YES_ERROR;
				GCC_WARN_UNDECLARED_SELECTOR = YES;
				GCC_WARN_UNINITIALIZED_AUTOS = YES_AGGRESSIVE;
				GCC_WARN_UNUSED_FUNCTION = YES;
				GCC_WARN_UNUSED_VARIABLE = YES;
				IPHONEOS_DEPLOYMENT_TARGET = 8.0;
				MTL_ENABLE_DEBUG_INFO = YES;
				ONLY_ACTIVE_ARCH = YES;
				SDKROOT = iphoneos;
				SWIFT_OPTIMIZATION_LEVEL = "-Onone";
				SWIFT_SWIFT3_OBJC_INFERENCE = Off;
				TARGETED_DEVICE_FAMILY = "1,2";
				VERSIONING_SYSTEM = "apple-generic";
				VERSION_INFO_PREFIX = "";
			};
			name = Debug;
		};
		73E4FD201AFD4E040058C1AF /* Release */ = {
			isa = XCBuildConfiguration;
			buildSettings = {
				ALWAYS_SEARCH_USER_PATHS = NO;
				CLANG_CXX_LANGUAGE_STANDARD = "gnu++0x";
				CLANG_CXX_LIBRARY = "libc++";
				CLANG_ENABLE_MODULES = YES;
				CLANG_ENABLE_OBJC_ARC = YES;
				CLANG_WARN_BLOCK_CAPTURE_AUTORELEASING = YES;
				CLANG_WARN_BOOL_CONVERSION = YES;
				CLANG_WARN_COMMA = YES;
				CLANG_WARN_CONSTANT_CONVERSION = YES;
				CLANG_WARN_DEPRECATED_OBJC_IMPLEMENTATIONS = YES;
				CLANG_WARN_DIRECT_OBJC_ISA_USAGE = YES_ERROR;
				CLANG_WARN_EMPTY_BODY = YES;
				CLANG_WARN_ENUM_CONVERSION = YES;
				CLANG_WARN_INFINITE_RECURSION = YES;
				CLANG_WARN_INT_CONVERSION = YES;
				CLANG_WARN_NON_LITERAL_NULL_CONVERSION = YES;
				CLANG_WARN_OBJC_IMPLICIT_RETAIN_SELF = YES;
				CLANG_WARN_OBJC_LITERAL_CONVERSION = YES;
				CLANG_WARN_OBJC_ROOT_CLASS = YES_ERROR;
				CLANG_WARN_RANGE_LOOP_ANALYSIS = YES;
				CLANG_WARN_STRICT_PROTOTYPES = YES;
				CLANG_WARN_SUSPICIOUS_MOVE = YES;
				CLANG_WARN_UNREACHABLE_CODE = YES;
				CLANG_WARN__DUPLICATE_METHOD_MATCH = YES;
				"CODE_SIGN_IDENTITY[sdk=iphoneos*]" = "iPhone Developer";
				COPY_PHASE_STRIP = NO;
				CURRENT_PROJECT_VERSION = 1;
				DEBUG_INFORMATION_FORMAT = "dwarf-with-dsym";
				ENABLE_NS_ASSERTIONS = NO;
				ENABLE_STRICT_OBJC_MSGSEND = YES;
				GCC_C_LANGUAGE_STANDARD = gnu99;
				GCC_NO_COMMON_BLOCKS = YES;
				GCC_WARN_64_TO_32_BIT_CONVERSION = YES;
				GCC_WARN_ABOUT_RETURN_TYPE = YES_ERROR;
				GCC_WARN_UNDECLARED_SELECTOR = YES;
				GCC_WARN_UNINITIALIZED_AUTOS = YES_AGGRESSIVE;
				GCC_WARN_UNUSED_FUNCTION = YES;
				GCC_WARN_UNUSED_VARIABLE = YES;
				IPHONEOS_DEPLOYMENT_TARGET = 8.0;
				MTL_ENABLE_DEBUG_INFO = NO;
				SDKROOT = iphoneos;
				SWIFT_OPTIMIZATION_LEVEL = "-Owholemodule";
				SWIFT_SWIFT3_OBJC_INFERENCE = Off;
				TARGETED_DEVICE_FAMILY = "1,2";
				VALIDATE_PRODUCT = YES;
				VERSIONING_SYSTEM = "apple-generic";
				VERSION_INFO_PREFIX = "";
			};
			name = Release;
		};
		73E4FD221AFD4E040058C1AF /* Debug */ = {
			isa = XCBuildConfiguration;
			buildSettings = {
				CLANG_ENABLE_MODULES = YES;
				"CODE_SIGN_IDENTITY[sdk=iphoneos*]" = "";
				DEFINES_MODULE = YES;
				DYLIB_COMPATIBILITY_VERSION = 1;
				DYLIB_CURRENT_VERSION = 1;
				DYLIB_INSTALL_NAME_BASE = "@rpath";
				INFOPLIST_FILE = Info.plist;
				INSTALL_PATH = "$(LOCAL_LIBRARY_DIR)/Frameworks";
				IPHONEOS_DEPLOYMENT_TARGET = 8.0;
				LD_RUNPATH_SEARCH_PATHS = "$(inherited) @executable_path/Frameworks @loader_path/Frameworks";
				PRODUCT_BUNDLE_IDENTIFIER = "com.mcmxcix.$(PRODUCT_NAME:rfc1034identifier)";
				PRODUCT_NAME = Gauntlet;
				SKIP_INSTALL = YES;
				SWIFT_OPTIMIZATION_LEVEL = "-Onone";
				SWIFT_VERSION = 5.0;
			};
			name = Debug;
		};
		73E4FD231AFD4E040058C1AF /* Release */ = {
			isa = XCBuildConfiguration;
			buildSettings = {
				CLANG_ENABLE_MODULES = YES;
				"CODE_SIGN_IDENTITY[sdk=iphoneos*]" = "";
				DEFINES_MODULE = YES;
				DYLIB_COMPATIBILITY_VERSION = 1;
				DYLIB_CURRENT_VERSION = 1;
				DYLIB_INSTALL_NAME_BASE = "@rpath";
				INFOPLIST_FILE = Info.plist;
				INSTALL_PATH = "$(LOCAL_LIBRARY_DIR)/Frameworks";
				IPHONEOS_DEPLOYMENT_TARGET = 8.0;
				LD_RUNPATH_SEARCH_PATHS = "$(inherited) @executable_path/Frameworks @loader_path/Frameworks";
				PRODUCT_BUNDLE_IDENTIFIER = "com.mcmxcix.$(PRODUCT_NAME:rfc1034identifier)";
				PRODUCT_NAME = Gauntlet;
				SKIP_INSTALL = YES;
				SWIFT_VERSION = 5.0;
			};
			name = Release;
		};
		73E4FD251AFD4E040058C1AF /* Debug */ = {
			isa = XCBuildConfiguration;
			buildSettings = {
				CLANG_ENABLE_MODULES = YES;
				GCC_PREPROCESSOR_DEFINITIONS = (
					"DEBUG=1",
					"$(inherited)",
				);
				INFOPLIST_FILE = "Tests-Info.plist";
				LD_RUNPATH_SEARCH_PATHS = "$(inherited) @executable_path/Frameworks @loader_path/Frameworks";
				PRODUCT_BUNDLE_IDENTIFIER = "com.mcmxcix.$(PRODUCT_NAME:rfc1034identifier)";
				PRODUCT_NAME = GauntletTests;
				SWIFT_OPTIMIZATION_LEVEL = "-Onone";
				SWIFT_SWIFT3_OBJC_INFERENCE = Off;
				SWIFT_VERSION = 5.0;
			};
			name = Debug;
		};
		73E4FD261AFD4E040058C1AF /* Release */ = {
			isa = XCBuildConfiguration;
			buildSettings = {
				CLANG_ENABLE_MODULES = YES;
				INFOPLIST_FILE = "Tests-Info.plist";
				LD_RUNPATH_SEARCH_PATHS = "$(inherited) @executable_path/Frameworks @loader_path/Frameworks";
				PRODUCT_BUNDLE_IDENTIFIER = "com.mcmxcix.$(PRODUCT_NAME:rfc1034identifier)";
				PRODUCT_NAME = GauntletTests;
				SWIFT_SWIFT3_OBJC_INFERENCE = Off;
				SWIFT_VERSION = 5.0;
			};
			name = Release;
		};
/* End XCBuildConfiguration section */

/* Begin XCConfigurationList section */
		73E4FD051AFD4E040058C1AF /* Build configuration list for PBXProject "Gauntlet" */ = {
			isa = XCConfigurationList;
			buildConfigurations = (
				73E4FD1F1AFD4E040058C1AF /* Debug */,
				73E4FD201AFD4E040058C1AF /* Release */,
			);
			defaultConfigurationIsVisible = 0;
			defaultConfigurationName = Release;
		};
		73E4FD211AFD4E040058C1AF /* Build configuration list for PBXNativeTarget "Gauntlet" */ = {
			isa = XCConfigurationList;
			buildConfigurations = (
				73E4FD221AFD4E040058C1AF /* Debug */,
				73E4FD231AFD4E040058C1AF /* Release */,
			);
			defaultConfigurationIsVisible = 0;
			defaultConfigurationName = Release;
		};
		73E4FD241AFD4E040058C1AF /* Build configuration list for PBXNativeTarget "GauntletTests" */ = {
			isa = XCConfigurationList;
			buildConfigurations = (
				73E4FD251AFD4E040058C1AF /* Debug */,
				73E4FD261AFD4E040058C1AF /* Release */,
			);
			defaultConfigurationIsVisible = 0;
			defaultConfigurationName = Release;
		};
/* End XCConfigurationList section */
	};
	rootObject = 73E4FD021AFD4E040058C1AF /* Project object */;
}
